
Microsoft Visual Studio Solution File, Format Version 12.00
# Visual Studio Version 16
VisualStudioVersion = 16.0.31025.194
MinimumVisualStudioVersion = 10.0.40219.1
Project("{FAE04EC0-301F-11D3-BF4B-00C04F79EFBC}") = "HydraMain", "HydraMain\HydraMain.csproj", "{FC92F466-0EC8-4BC8-88C8-A4DFD15DF549}"
EndProject
Project("{FAE04EC0-301F-11D3-BF4B-00C04F79EFBC}") = "BulletPlayer", "..\BulletPlayer\BulletPlayer.csproj", "{6D57DB41-3FA1-4E55-937F-6A4A39F8830C}"
EndProject
Global
	GlobalSection(SolutionConfigurationPlatforms) = preSolution
		Debug|Any CPU = Debug|Any CPU
		Release|Any CPU = Release|Any CPU
	EndGlobalSection
	GlobalSection(ProjectConfigurationPlatforms) = postSolution
		{FC92F466-0EC8-4BC8-88C8-A4DFD15DF549}.Debug|Any CPU.ActiveCfg = Debug|Any CPU
		{FC92F466-0EC8-4BC8-88C8-A4DFD15DF549}.Debug|Any CPU.Build.0 = Debug|Any CPU
		{FC92F466-0EC8-4BC8-88C8-A4DFD15DF549}.Release|Any CPU.ActiveCfg = Release|Any CPU
		{FC92F466-0EC8-4BC8-88C8-A4DFD15DF549}.Release|Any CPU.Build.0 = Release|Any CPU
		{6D57DB41-3FA1-4E55-937F-6A4A39F8830C}.Debug|Any CPU.ActiveCfg = Debug|Any CPU
		{6D57DB41-3FA1-4E55-937F-6A4A39F8830C}.Debug|Any CPU.Build.0 = Debug|Any CPU
		{6D57DB41-3FA1-4E55-937F-6A4A39F8830C}.Release|Any CPU.ActiveCfg = Release|Any CPU
		{6D57DB41-3FA1-4E55-937F-6A4A39F8830C}.Release|Any CPU.Build.0 = Release|Any CPU
	EndGlobalSection
	GlobalSection(SolutionProperties) = preSolution
		HideSolutionNode = FALSE
	EndGlobalSection
	GlobalSection(ExtensibilityGlobals) = postSolution
		SolutionGuid = {F0D98161-B922-4B67-921C-000C8B9EDFC4}
	EndGlobalSection
EndGlobal
